
Microsoft Visual Studio Solution File, Format Version 12.00
# Visual Studio 14
VisualStudioVersion = 14.0.25123.0
MinimumVisualStudioVersion = 10.0.40219.1
Project("{8BB2217D-0F2D-49D1-97BC-3654ED321F3B}") = "WiFiAuth.Web", "WiFiAuth.Web\WiFiAuth.Web.xproj", "{C9056462-7747-4478-94DE-CEB2A70174AC}"
EndProject
Project("{8BB2217D-0F2D-49D1-97BC-3654ED321F3B}") = "WiFiAuth.Web.Test", "WiFiAuth.Web.Test\WiFiAuth.Web.Test.xproj", "{0E478A31-FEA1-4344-9EC6-4FFFB497E8F9}"
EndProject
Global
	GlobalSection(SolutionConfigurationPlatforms) = preSolution
		Debug|Any CPU = Debug|Any CPU
		Release|Any CPU = Release|Any CPU
	EndGlobalSection
	GlobalSection(ProjectConfigurationPlatforms) = postSolution
		{C9056462-7747-4478-94DE-CEB2A70174AC}.Debug|Any CPU.ActiveCfg = Debug|Any CPU
		{C9056462-7747-4478-94DE-CEB2A70174AC}.Debug|Any CPU.Build.0 = Debug|Any CPU
		{C9056462-7747-4478-94DE-CEB2A70174AC}.Release|Any CPU.ActiveCfg = Release|Any CPU
		{C9056462-7747-4478-94DE-CEB2A70174AC}.Release|Any CPU.Build.0 = Release|Any CPU
		{0E478A31-FEA1-4344-9EC6-4FFFB497E8F9}.Debug|Any CPU.ActiveCfg = Debug|Any CPU
		{0E478A31-FEA1-4344-9EC6-4FFFB497E8F9}.Debug|Any CPU.Build.0 = Debug|Any CPU
		{0E478A31-FEA1-4344-9EC6-4FFFB497E8F9}.Release|Any CPU.ActiveCfg = Release|Any CPU
		{0E478A31-FEA1-4344-9EC6-4FFFB497E8F9}.Release|Any CPU.Build.0 = Release|Any CPU
	EndGlobalSection
	GlobalSection(SolutionProperties) = preSolution
		HideSolutionNode = FALSE
	EndGlobalSection
EndGlobal
